
Microsoft Visual Studio Solution File, Format Version 12.00
# Visual Studio 15
VisualStudioVersion = 15.0.28307.645
MinimumVisualStudioVersion = 10.0.40219.1
Project("{FAE04EC0-301F-11D3-BF4B-00C04F79EFBC}") = "4915M", "4915M\4915M.csproj", "{9FF21FA0-CE76-4018-8C5C-B6D1E136175A}"
EndProject
Global
	GlobalSection(SolutionConfigurationPlatforms) = preSolution
		Debug|Any CPU = Debug|Any CPU
		Release|Any CPU = Release|Any CPU
	EndGlobalSection
	GlobalSection(ProjectConfigurationPlatforms) = postSolution
		{9FF21FA0-CE76-4018-8C5C-B6D1E136175A}.Debug|Any CPU.ActiveCfg = Debug|Any CPU
		{9FF21FA0-CE76-4018-8C5C-B6D1E136175A}.Debug|Any CPU.Build.0 = Debug|Any CPU
		{9FF21FA0-CE76-4018-8C5C-B6D1E136175A}.Release|Any CPU.ActiveCfg = Release|Any CPU
		{9FF21FA0-CE76-4018-8C5C-B6D1E136175A}.Release|Any CPU.Build.0 = Release|Any CPU
	EndGlobalSection
	GlobalSection(SolutionProperties) = preSolution
		HideSolutionNode = FALSE
	EndGlobalSection
	GlobalSection(ExtensibilityGlobals) = postSolution
		SolutionGuid = {FC5EF9A9-95F9-47E7-8BCF-260504482DE0}
	EndGlobalSection
EndGlobal
